// !$*UTF8*$!
{
	archiveVersion = 1;
	classes = {
	};
	objectVersion = 48;
	objects = {

/* Begin PBXBuildFile section */
		18A4ACBA1FEF8DAF002F6CBE /* Podfile in Resources */ = {isa = PBXBuildFile; fileRef = 18A4ACB91FEF8DAF002F6CBE /* Podfile */; };
		18ABBA521FEF8D0D008B94E2 /* AppDelegate.m in Sources */ = {isa = PBXBuildFile; fileRef = 18ABBA511FEF8D0D008B94E2 /* AppDelegate.m */; };
		18ABBA5A1FEF8D0D008B94E2 /* Assets.xcassets in Resources */ = {isa = PBXBuildFile; fileRef = 18ABBA591FEF8D0D008B94E2 /* Assets.xcassets */; };
		18ABBA601FEF8D0D008B94E2 /* main.m in Sources */ = {isa = PBXBuildFile; fileRef = 18ABBA5F1FEF8D0D008B94E2 /* main.m */; };
		77A92761373DE27ABB630CF1 /* libPods-AsdkSample.a in Frameworks */ = {isa = PBXBuildFile; fileRef = 1507ECA9B2073ABA0553C66A /* libPods-AsdkSample.a */; };
/* End PBXBuildFile section */

/* Begin PBXFileReference section */
		1507ECA9B2073ABA0553C66A /* libPods-AsdkSample.a */ = {isa = PBXFileReference; explicitFileType = archive.ar; includeInIndex = 0; path = "libPods-AsdkSample.a"; sourceTree = BUILT_PRODUCTS_DIR; };
		18A4ACB91FEF8DAF002F6CBE /* Podfile */ = {isa = PBXFileReference; fileEncoding = 4; lastKnownFileType = text; path = Podfile; sourceTree = "<group>"; };
		18ABBA4D1FEF8D0D008B94E2 /* AsdkSample.app */ = {isa = PBXFileReference; explicitFileType = wrapper.application; includeInIndex = 0; path = AsdkSample.app; sourceTree = BUILT_PRODUCTS_DIR; };
		18ABBA501FEF8D0D008B94E2 /* AppDelegate.h */ = {isa = PBXFileReference; lastKnownFileType = sourcecode.c.h; path = AppDelegate.h; sourceTree = "<group>"; };
		18ABBA511FEF8D0D008B94E2 /* AppDelegate.m */ = {isa = PBXFileReference; lastKnownFileType = sourcecode.c.objc; path = AppDelegate.m; sourceTree = "<group>"; };
		18ABBA591FEF8D0D008B94E2 /* Assets.xcassets */ = {isa = PBXFileReference; lastKnownFileType = folder.assetcatalog; path = Assets.xcassets; sourceTree = "<group>"; };
		18ABBA5E1FEF8D0D008B94E2 /* Info.plist */ = {isa = PBXFileReference; lastKnownFileType = text.plist.xml; path = Info.plist; sourceTree = "<group>"; };
		18ABBA5F1FEF8D0D008B94E2 /* main.m */ = {isa = PBXFileReference; lastKnownFileType = sourcecode.c.objc; path = main.m; sourceTree = "<group>"; };
		1A5744C09BD3415ABF68A924 /* Pods-AsdkSample.release.xcconfig */ = {isa = PBXFileReference; includeInIndex = 1; lastKnownFileType = text.xcconfig; name = "Pods-AsdkSample.release.xcconfig"; path = "Pods/Target Support Files/Pods-AsdkSample/Pods-AsdkSample.release.xcconfig"; sourceTree = "<group>"; };
		E692823EE87BFBE7A261F9BC /* Pods-AsdkSample.debug.xcconfig */ = {isa = PBXFileReference; includeInIndex = 1; lastKnownFileType = text.xcconfig; name = "Pods-AsdkSample.debug.xcconfig"; path = "Pods/Target Support Files/Pods-AsdkSample/Pods-AsdkSample.debug.xcconfig"; sourceTree = "<group>"; };
/* End PBXFileReference section */

/* Begin PBXFrameworksBuildPhase section */
		18ABBA4A1FEF8D0D008B94E2 /* Frameworks */ = {
			isa = PBXFrameworksBuildPhase;
			buildActionMask = 2147483647;
			files = (
				77A92761373DE27ABB630CF1 /* libPods-AsdkSample.a in Frameworks */,
			);
			runOnlyForDeploymentPostprocessing = 0;
		};
/* End PBXFrameworksBuildPhase section */

/* Begin PBXGroup section */
		18ABBA441FEF8D0D008B94E2 = {
			isa = PBXGroup;
			children = (
				18ABBA4F1FEF8D0D008B94E2 /* AsdkSample */,
				18ABBA4E1FEF8D0D008B94E2 /* Products */,
				18A4ACB91FEF8DAF002F6CBE /* Podfile */,
				36699E811AC7F22064E4E7F7 /* Pods */,
				E0454C1B63BA347AF389E701 /* Frameworks */,
			);
			sourceTree = "<group>";
		};
		18ABBA4E1FEF8D0D008B94E2 /* Products */ = {
			isa = PBXGroup;
			children = (
				18ABBA4D1FEF8D0D008B94E2 /* AsdkSample.app */,
			);
			name = Products;
			sourceTree = "<group>";
		};
		18ABBA4F1FEF8D0D008B94E2 /* AsdkSample */ = {
			isa = PBXGroup;
			children = (
				18ABBA501FEF8D0D008B94E2 /* AppDelegate.h */,
				18ABBA511FEF8D0D008B94E2 /* AppDelegate.m */,
				18ABBA591FEF8D0D008B94E2 /* Assets.xcassets */,
				18ABBA5E1FEF8D0D008B94E2 /* Info.plist */,
				18ABBA5F1FEF8D0D008B94E2 /* main.m */,
			);
			path = AsdkSample;
			sourceTree = "<group>";
		};
		36699E811AC7F22064E4E7F7 /* Pods */ = {
			isa = PBXGroup;
			children = (
				E692823EE87BFBE7A261F9BC /* Pods-AsdkSample.debug.xcconfig */,
				1A5744C09BD3415ABF68A924 /* Pods-AsdkSample.release.xcconfig */,
			);
			name = Pods;
			sourceTree = "<group>";
		};
		E0454C1B63BA347AF389E701 /* Frameworks */ = {
			isa = PBXGroup;
			children = (
				1507ECA9B2073ABA0553C66A /* libPods-AsdkSample.a */,
			);
			name = Frameworks;
			sourceTree = "<group>";
		};
/* End PBXGroup section */

/* Begin PBXNativeTarget section */
		18ABBA4C1FEF8D0D008B94E2 /* AsdkSample */ = {
			isa = PBXNativeTarget;
			buildConfigurationList = 18ABBA631FEF8D0D008B94E2 /* Build configuration list for PBXNativeTarget "AsdkSample" */;
			buildPhases = (
				2FBD98EFC16A0B28FCBCA695 /* [CP] Check Pods Manifest.lock */,
				18ABBA491FEF8D0D008B94E2 /* Sources */,
				18ABBA4A1FEF8D0D008B94E2 /* Frameworks */,
				18ABBA4B1FEF8D0D008B94E2 /* Resources */,
				49CD084AED06619115333F1C /* [CP] Embed Pods Frameworks */,
				2F6CFC04E7FCA39B239C3184 /* [CP] Copy Pods Resources */,
			);
			buildRules = (
			);
			dependencies = (
			);
			name = AsdkSample;
			productName = AsdkSample;
			productReference = 18ABBA4D1FEF8D0D008B94E2 /* AsdkSample.app */;
			productType = "com.apple.product-type.application";
		};
/* End PBXNativeTarget section */

/* Begin PBXProject section */
		18ABBA451FEF8D0D008B94E2 /* Project object */ = {
			isa = PBXProject;
			attributes = {
				LastUpgradeCheck = 0920;
				ORGANIZATIONNAME = ch_int_beam;
				TargetAttributes = {
					18ABBA4C1FEF8D0D008B94E2 = {
						CreatedOnToolsVersion = 9.2;
						ProvisioningStyle = Automatic;
					};
				};
			};
			buildConfigurationList = 18ABBA481FEF8D0D008B94E2 /* Build configuration list for PBXProject "AsdkSample" */;
			compatibilityVersion = "Xcode 8.0";
			developmentRegion = en;
			hasScannedForEncodings = 0;
			knownRegions = (
				en,
				Base,
			);
			mainGroup = 18ABBA441FEF8D0D008B94E2;
			productRefGroup = 18ABBA4E1FEF8D0D008B94E2 /* Products */;
			projectDirPath = "";
			projectRoot = "";
			targets = (
				18ABBA4C1FEF8D0D008B94E2 /* AsdkSample */,
			);
		};
/* End PBXProject section */

/* Begin PBXResourcesBuildPhase section */
		18ABBA4B1FEF8D0D008B94E2 /* Resources */ = {
			isa = PBXResourcesBuildPhase;
			buildActionMask = 2147483647;
			files = (
				18ABBA5A1FEF8D0D008B94E2 /* Assets.xcassets in Resources */,
				18A4ACBA1FEF8DAF002F6CBE /* Podfile in Resources */,
			);
			runOnlyForDeploymentPostprocessing = 0;
		};
/* End PBXResourcesBuildPhase section */

/* Begin PBXShellScriptBuildPhase section */
		2F6CFC04E7FCA39B239C3184 /* [CP] Copy Pods Resources */ = {
			isa = PBXShellScriptBuildPhase;
			buildActionMask = 2147483647;
			files = (
			);
			inputPaths = (
			);
			name = "[CP] Copy Pods Resources";
			outputPaths = (
			);
			runOnlyForDeploymentPostprocessing = 0;
			shellPath = /bin/sh;
			shellScript = "\"${SRCROOT}/Pods/Target Support Files/Pods-AsdkSample/Pods-AsdkSample-resources.sh\"\n";
			showEnvVarsInLog = 0;
		};
		2FBD98EFC16A0B28FCBCA695 /* [CP] Check Pods Manifest.lock */ = {
			isa = PBXShellScriptBuildPhase;
			buildActionMask = 2147483647;
			files = (
			);
			inputPaths = (
				"${PODS_PODFILE_DIR_PATH}/Podfile.lock",
				"${PODS_ROOT}/Manifest.lock",
			);
			name = "[CP] Check Pods Manifest.lock";
			outputPaths = (
				"$(DERIVED_FILE_DIR)/Pods-AsdkSample-checkManifestLockResult.txt",
			);
			runOnlyForDeploymentPostprocessing = 0;
			shellPath = /bin/sh;
			shellScript = "diff \"${PODS_PODFILE_DIR_PATH}/Podfile.lock\" \"${PODS_ROOT}/Manifest.lock\" > /dev/null\nif [ $? != 0 ] ; then\n    # print error to STDERR\n    echo \"error: The sandbox is not in sync with the Podfile.lock. Run 'pod install' or update your CocoaPods installation.\" >&2\n    exit 1\nfi\n# This output is used by Xcode 'outputs' to avoid re-running this script phase.\necho \"SUCCESS\" > \"${SCRIPT_OUTPUT_FILE_0}\"\n";
			showEnvVarsInLog = 0;
		};
		49CD084AED06619115333F1C /* [CP] Embed Pods Frameworks */ = {
			isa = PBXShellScriptBuildPhase;
			buildActionMask = 2147483647;
			files = (
			);
			inputPaths = (
			);
			name = "[CP] Embed Pods Frameworks";
			outputPaths = (
			);
			runOnlyForDeploymentPostprocessing = 0;
			shellPath = /bin/sh;
			shellScript = "\"${SRCROOT}/Pods/Target Support Files/Pods-AsdkSample/Pods-AsdkSample-frameworks.sh\"\n";
			showEnvVarsInLog = 0;
		};
/* End PBXShellScriptBuildPhase section */

/* Begin PBXSourcesBuildPhase section */
		18ABBA491FEF8D0D008B94E2 /* Sources */ = {
			isa = PBXSourcesBuildPhase;
			buildActionMask = 2147483647;
			files = (
				18ABBA601FEF8D0D008B94E2 /* main.m in Sources */,
				18ABBA521FEF8D0D008B94E2 /* AppDelegate.m in Sources */,
			);
			runOnlyForDeploymentPostprocessing = 0;
		};
/* End PBXSourcesBuildPhase section */

/* Begin XCBuildConfiguration section */
		18ABBA611FEF8D0D008B94E2 /* Debug */ = {
			isa = XCBuildConfiguration;
			buildSettings = {
				ALWAYS_SEARCH_USER_PATHS = NO;
				CLANG_ANALYZER_NONNULL = YES;
				CLANG_ANALYZER_NUMBER_OBJECT_CONVERSION = YES_AGGRESSIVE;
				CLANG_CXX_LANGUAGE_STANDARD = "gnu++14";
				CLANG_CXX_LIBRARY = "libc++";
				CLANG_ENABLE_MODULES = YES;
				CLANG_ENABLE_OBJC_ARC = YES;
				CLANG_WARN_BLOCK_CAPTURE_AUTORELEASING = YES;
				CLANG_WARN_BOOL_CONVERSION = YES;
				CLANG_WARN_COMMA = YES;
				CLANG_WARN_CONSTANT_CONVERSION = YES;
				CLANG_WARN_DIRECT_OBJC_ISA_USAGE = YES_ERROR;
				CLANG_WARN_DOCUMENTATION_COMMENTS = YES;
				CLANG_WARN_EMPTY_BODY = YES;
				CLANG_WARN_ENUM_CONVERSION = YES;
				CLANG_WARN_INFINITE_RECURSION = YES;
				CLANG_WARN_INT_CONVERSION = YES;
				CLANG_WARN_NON_LITERAL_NULL_CONVERSION = YES;
				CLANG_WARN_OBJC_LITERAL_CONVERSION = YES;
				CLANG_WARN_OBJC_ROOT_CLASS = YES_ERROR;
				CLANG_WARN_RANGE_LOOP_ANALYSIS = YES;
				CLANG_WARN_STRICT_PROTOTYPES = YES;
				CLANG_WARN_SUSPICIOUS_MOVE = YES;
				CLANG_WARN_UNGUARDED_AVAILABILITY = YES_AGGRESSIVE;
				CLANG_WARN_UNREACHABLE_CODE = YES;
				CLANG_WARN__DUPLICATE_METHOD_MATCH = YES;
				CODE_SIGN_IDENTITY = "iPhone Developer";
				COPY_PHASE_STRIP = NO;
				DEBUG_INFORMATION_FORMAT = dwarf;
				ENABLE_STRICT_OBJC_MSGSEND = YES;
				ENABLE_TESTABILITY = YES;
				GCC_C_LANGUAGE_STANDARD = gnu11;
				GCC_DYNAMIC_NO_PIC = NO;
				GCC_NO_COMMON_BLOCKS = YES;
				GCC_OPTIMIZATION_LEVEL = 0;
				GCC_PREPROCESSOR_DEFINITIONS = (
					"DEBUG=1",
					"$(inherited)",
				);
				GCC_WARN_64_TO_32_BIT_CONVERSION = YES;
				GCC_WARN_ABOUT_RETURN_TYPE = YES_ERROR;
				GCC_WARN_UNDECLARED_SELECTOR = YES;
				GCC_WARN_UNINITIALIZED_AUTOS = YES_AGGRESSIVE;
				GCC_WARN_UNUSED_FUNCTION = YES;
				GCC_WARN_UNUSED_VARIABLE = YES;
				IPHONEOS_DEPLOYMENT_TARGET = 8.0;
				MTL_ENABLE_DEBUG_INFO = YES;
				ONLY_ACTIVE_ARCH = YES;
				SDKROOT = iphoneos;
			};
			name = Debug;
		};
		18ABBA621FEF8D0D008B94E2 /* Release */ = {
			isa = XCBuildConfiguration;
			buildSettings = {
				ALWAYS_SEARCH_USER_PATHS = NO;
				CLANG_ANALYZER_NONNULL = YES;
				CLANG_ANALYZER_NUMBER_OBJECT_CONVERSION = YES_AGGRESSIVE;
				CLANG_CXX_LANGUAGE_STANDARD = "gnu++14";
				CLANG_CXX_LIBRARY = "libc++";
				CLANG_ENABLE_MODULES = YES;
				CLANG_ENABLE_OBJC_ARC = YES;
				CLANG_WARN_BLOCK_CAPTURE_AUTORELEASING = YES;
				CLANG_WARN_BOOL_CONVERSION = YES;
				CLANG_WARN_COMMA = YES;
				CLANG_WARN_CONSTANT_CONVERSION = YES;
				CLANG_WARN_DIRECT_OBJC_ISA_USAGE = YES_ERROR;
				CLANG_WARN_DOCUMENTATION_COMMENTS = YES;
				CLANG_WARN_EMPTY_BODY = YES;
				CLANG_WARN_ENUM_CONVERSION = YES;
				CLANG_WARN_INFINITE_RECURSION = YES;
				CLANG_WARN_INT_CONVERSION = YES;
				CLANG_WARN_NON_LITERAL_NULL_CONVERSION = YES;
				CLANG_WARN_OBJC_LITERAL_CONVERSION = YES;
				CLANG_WARN_OBJC_ROOT_CLASS = YES_ERROR;
				CLANG_WARN_RANGE_LOOP_ANALYSIS = YES;
				CLANG_WARN_STRICT_PROTOTYPES = YES;
				CLANG_WARN_SUSPICIOUS_MOVE = YES;
				CLANG_WARN_UNGUARDED_AVAILABILITY = YES_AGGRESSIVE;
				CLANG_WARN_UNREACHABLE_CODE = YES;
				CLANG_WARN__DUPLICATE_METHOD_MATCH = YES;
				CODE_SIGN_IDENTITY = "iPhone Developer";
				COPY_PHASE_STRIP = NO;
				DEBUG_INFORMATION_FORMAT = "dwarf-with-dsym";
				ENABLE_NS_ASSERTIONS = NO;
				ENABLE_STRICT_OBJC_MSGSEND = YES;
				GCC_C_LANGUAGE_STANDARD = gnu11;
				GCC_NO_COMMON_BLOCKS = YES;
				GCC_WARN_64_TO_32_BIT_CONVERSION = YES;
				GCC_WARN_ABOUT_RETURN_TYPE = YES_ERROR;
				GCC_WARN_UNDECLARED_SELECTOR = YES;
				GCC_WARN_UNINITIALIZED_AUTOS = YES_AGGRESSIVE;
				GCC_WARN_UNUSED_FUNCTION = YES;
				GCC_WARN_UNUSED_VARIABLE = YES;
				IPHONEOS_DEPLOYMENT_TARGET = 8.0;
				MTL_ENABLE_DEBUG_INFO = NO;
				SDKROOT = iphoneos;
				VALIDATE_PRODUCT = YES;
			};
			name = Release;
		};
		18ABBA641FEF8D0D008B94E2 /* Debug */ = {
			isa = XCBuildConfiguration;
			baseConfigurationReference = E692823EE87BFBE7A261F9BC /* Pods-AsdkSample.debug.xcconfig */;
			buildSettings = {
				ASSETCATALOG_COMPILER_APPICON_NAME = AppIcon;
				ASSETCATALOG_COMPILER_LAUNCHIMAGE_NAME = LaunchImage;
				CODE_SIGN_STYLE = Automatic;
				INFOPLIST_FILE = AsdkSample/Info.plist;
				LD_RUNPATH_SEARCH_PATHS = "$(inherited) @executable_path/Frameworks";
				PRODUCT_BUNDLE_IDENTIFIER = beam.AsdkSample;
				PRODUCT_NAME = "$(TARGET_NAME)";
				TARGETED_DEVICE_FAMILY = "1,2";
			};
			name = Debug;
		};
		18ABBA651FEF8D0D008B94E2 /* Release */ = {
			isa = XCBuildConfiguration;
			baseConfigurationReference = 1A5744C09BD3415ABF68A924 /* Pods-AsdkSample.release.xcconfig */;
			buildSettings = {
				ASSETCATALOG_COMPILER_APPICON_NAME = AppIcon;
				ASSETCATALOG_COMPILER_LAUNCHIMAGE_NAME = LaunchImage;
				CODE_SIGN_STYLE = Automatic;
				INFOPLIST_FILE = AsdkSample/Info.plist;
				LD_RUNPATH_SEARCH_PATHS = "$(inherited) @executable_path/Frameworks";
				PRODUCT_BUNDLE_IDENTIFIER = beam.AsdkSample;
				PRODUCT_NAME = "$(TARGET_NAME)";
				TARGETED_DEVICE_FAMILY = "1,2";
			};
			name = Release;
		};
/* End XCBuildConfiguration section */

/* Begin XCConfigurationList section */
		18ABBA481FEF8D0D008B94E2 /* Build configuration list for PBXProject "AsdkSample" */ = {
			isa = XCConfigurationList;
			buildConfigurations = (
				18ABBA611FEF8D0D008B94E2 /* Debug */,
				18ABBA621FEF8D0D008B94E2 /* Release */,
			);
			defaultConfigurationIsVisible = 0;
			defaultConfigurationName = Debug;
		};
		18ABBA631FEF8D0D008B94E2 /* Build configuration list for PBXNativeTarget "AsdkSample" */ = {
			isa = XCConfigurationList;
			buildConfigurations = (
				18ABBA641FEF8D0D008B94E2 /* Debug */,
				18ABBA651FEF8D0D008B94E2 /* Release */,
			);
			defaultConfigurationIsVisible = 0;
			defaultConfigurationName = Debug;
		};
/* End XCConfigurationList section */
	};
	rootObject = 18ABBA451FEF8D0D008B94E2 /* Project object */;
}
